# This file is automatically @generated by Cargo.
# It is not intended for manual editing.
version = 3

[[package]]
name = "cfg-if"
version = "1.0.4"
source = "registry+https://github.com/rust-lang/crates.io-index"
checksum = "9330f8b2ff13f34540b44e946ef35111825727b38d33286ef986142615121801"

[[package]]
name = "ieee754"
version = "0.2.6"
source = "registry+https://github.com/rust-lang/crates.io-index"
checksum = "9007da9cacbd3e6343da136e98b0d2df013f553d35bdec8b518f07bea768e19c"

[[package]]
name = "libc"
version = "0.2.176"
source = "registry+https://github.com/rust-lang/crates.io-index"
checksum = "58f929b4d672ea937a23a1ab494143d968337a5f47e56d0815df1e0890ddf174"

[[package]]
name = "once_cell"
version = "1.21.4"
source = "registry+https://github.com/rust-lang/crates.io-index"
checksum = "9f7c3e4beb33f85d45ae3e3a1792185706c8e16d043238c593331cc7cd313b50"

[[package]]
name = "rmodbus"
version = "0.12.2"
source = "registry+https://github.com/rust-lang/crates.io-index"
checksum = "ae086fe401655097112f1bd988012c0334d19b0c495128b256f1506873c6ba8f"
dependencies = [
 "ieee754",
]

[[package]]
name = "rmodbus-server"
version = "0.1.0"
dependencies = [
 "once_cell",
 "rmodbus",
 "serial2",
]

[[package]]
name = "serial2"
version = "0.2.37"
source = "registry+https://github.com/rust-lang/crates.io-index"
checksum = "9eb6ea5562eeaed6936b8b54e086aa0f88b9e5b1bef45beb038e2519fa1185b1"
dependencies = [
 "cfg-if",
 "libc",
 "windows-sys",
]

[[package]]
name = "windows-link"
version = "0.2.1"
source = "registry+https://github.com/rust-lang/crates.io-index"
checksum = "f0805222e57f7521d6a62e36fa9163bc891acd422f971defe97d64e70d0a4fe5"

[[package]]
name = "windows-sys"
version = "0.61.2"
source = "registry+https://github.com/rust-lang/crates.io-index"
checksum = "ae137229bcbd6cdf0f7b80a31df61766145077ddf49416a728b02cb3921ff3fc"
dependencies = [
 "windows-link",
]
